# Files vendored from other repositories and kept byte-equal to their source by
# vendor-sync.sh, one per line: LOCAL OWNER/REPO PATH COMMIT BLOB [manual]. Never edit a
# copy in place: change it at its source and let the weekly cascade bring it back. How it
# works: references/bump-cascade.md in https://github.com/rokokol/ci-skill
vendor-sync.sh rokokol/ci-skill templates/vendor-sync.sh 50429c30159553c635ab0020c399d6cc9c17f705 176a58470c142a98cb6434a889b3e98fea266ad3
check-pins.sh rokokol/ci-skill templates/check-pins.sh 50429c30159553c635ab0020c399d6cc9c17f705 c86f8288606d532f7982206eea8e8a310315d7f6
.github/workflows/vendor-sync.yml rokokol/ci-skill templates/github/workflows/vendor-sync.yml d55020ab3ca780ea6299336d923b8a3fcb8f491d a5bde77f98d55a43b2c993f4c96a952e0b68010d manual
check-sh.sh rokokol/bash-best-practices-skill check-sh.sh 0ee5dea3a04bd43f44afee6146dc2f3028fc0cca ece16c8a425f5e4d08e3d7de751b9564048f1e83
check-interface.sh rokokol/ci-skill templates/check-interface.sh 50429c30159553c635ab0020c399d6cc9c17f705 abf757fe6a1a30ccd0669bb3f54a17d38a84da87
check-skill.sh rokokol/skill-authoring-skill check-skill.sh 399d099461fbba8505d4750a582fab3f25bf83ce 3cb536abc18de6327b77ccf060826e793bf66280
tests/t.sh rokokol/tests-skill t.sh 5fc47bc7fc2cd7772fa00de0589a34b3a29228d9 4fa169edebe55ad0190b5fb5c45fc33142e4d7a3
tests/markers/ rokokol/tests-skill markers/ cd0782cd52c4692ac9ab1b08206aa888721fb1ce 65d141bbf07ecb99a3bd6ebfe4e0d3050a2c1ab4
check-prose.sh rokokol/create-readme-skill check-prose.sh 66820c8be3477c218dabdfcbb5e41e085de40e57 3054ffa2de0990be2164494d734f34f17eda5e2b
check-changelog.sh rokokol/versioning-skill check-changelog.sh 8cae74bb044d42acc2034bfa307ee92101f3273d 7e66f60e725546cf28414f93b15230567e511c6e
