# Files vendored from other repositories and kept byte-equal to their source by
# vendor-sync.sh, one per line: LOCAL OWNER/REPO PATH COMMIT BLOB [manual]. Never edit a
# copy in place: change it at its source and let the weekly cascade bring it back. How it
# works: references/bump-cascade.md in https://github.com/rokokol/ci-skill
vendor-sync.sh rokokol/ci-skill templates/vendor-sync.sh 50429c30159553c635ab0020c399d6cc9c17f705 176a58470c142a98cb6434a889b3e98fea266ad3
check-pins.sh rokokol/ci-skill templates/check-pins.sh 50429c30159553c635ab0020c399d6cc9c17f705 c86f8288606d532f7982206eea8e8a310315d7f6
.github/workflows/vendor-sync.yml rokokol/ci-skill templates/github/workflows/vendor-sync.yml d55020ab3ca780ea6299336d923b8a3fcb8f491d a5bde77f98d55a43b2c993f4c96a952e0b68010d manual
check-sh.sh rokokol/bash-best-practices-skill check-sh.sh a4f5f26191417564d0ebe122bf652dd7e3f74b50 37cb4b54dc245288c711b9665c9b4aedc496b1ce
check-interface.sh rokokol/ci-skill templates/check-interface.sh 50429c30159553c635ab0020c399d6cc9c17f705 abf757fe6a1a30ccd0669bb3f54a17d38a84da87
check-skill.sh rokokol/skill-authoring-skill check-skill.sh c75b0cf40ac90a9dcb5f335c6349cd15470f27b3 83152392d798af1860d2b3fcf11438b4b8d0e4ff
tests/t.sh rokokol/tests-skill t.sh 1bade873fdfbadbd87bd05da13e954035924f22c 5f1f9f634b9d9c689592ec95a196c4734189eb14
tests/markers/ rokokol/tests-skill markers/ cd0782cd52c4692ac9ab1b08206aa888721fb1ce 65d141bbf07ecb99a3bd6ebfe4e0d3050a2c1ab4
check-prose.sh rokokol/create-readme-skill check-prose.sh 66820c8be3477c218dabdfcbb5e41e085de40e57 3054ffa2de0990be2164494d734f34f17eda5e2b
check-changelog.sh rokokol/versioning-skill check-changelog.sh b71f768bef8e6557a65dda8c6444fc92ed4e8e55 103e3395a394fe6d39b8d7e0989107d9aa01c2e8
